
Microsoft Visual Studio Solution File, Format Version 12.00
# Visual Studio Version 16
VisualStudioVersion = 16.0.29318.209
MinimumVisualStudioVersion = 10.0.40219.1
Project("{F184B08F-C81C-45F6-A57F-5ABD9991F28F}") = "BCLauncher", "BCLauncher\BCLauncher.vbproj", "{B963C87E-FAF6-4802-B25B-1462E8F32BA3}"
EndProject
Global
	GlobalSection(SolutionConfigurationPlatforms) = preSolution
		Debug|Any CPU = Debug|Any CPU
		Release|Any CPU = Release|Any CPU
	EndGlobalSection
	GlobalSection(ProjectConfigurationPlatforms) = postSolution
		{B963C87E-FAF6-4802-B25B-1462E8F32BA3}.Debug|Any CPU.ActiveCfg = Debug|Any CPU
		{B963C87E-FAF6-4802-B25B-1462E8F32BA3}.Debug|Any CPU.Build.0 = Debug|Any CPU
		{B963C87E-FAF6-4802-B25B-1462E8F32BA3}.Release|Any CPU.ActiveCfg = Release|Any CPU
		{B963C87E-FAF6-4802-B25B-1462E8F32BA3}.Release|Any CPU.Build.0 = Release|Any CPU
	EndGlobalSection
	GlobalSection(SolutionProperties) = preSolution
		HideSolutionNode = FALSE
	EndGlobalSection
	GlobalSection(ExtensibilityGlobals) = postSolution
		SolutionGuid = {83E9D3EF-BC69-4F27-839C-CC17467FAB36}
	EndGlobalSection
EndGlobal
